
Microsoft Visual Studio Solution File, Format Version 12.00
# Visual Studio Version 16
VisualStudioVersion = 16.0.31424.327
MinimumVisualStudioVersion = 10.0.40219.1
Project("{FAE04EC0-301F-11D3-BF4B-00C04F79EFBC}") = "Team-EasyEntry", "Team-EasyEntry.csproj", "{FDA1BEED-627B-48F9-8AA8-F79E000A6DA4}"
EndProject
Global
	GlobalSection(SolutionConfigurationPlatforms) = preSolution
		Debug|Any CPU = Debug|Any CPU
		Release|Any CPU = Release|Any CPU
	EndGlobalSection
	GlobalSection(ProjectConfigurationPlatforms) = postSolution
		{FDA1BEED-627B-48F9-8AA8-F79E000A6DA4}.Debug|Any CPU.ActiveCfg = Debug|Any CPU
		{FDA1BEED-627B-48F9-8AA8-F79E000A6DA4}.Debug|Any CPU.Build.0 = Debug|Any CPU
		{FDA1BEED-627B-48F9-8AA8-F79E000A6DA4}.Release|Any CPU.ActiveCfg = Release|Any CPU
		{FDA1BEED-627B-48F9-8AA8-F79E000A6DA4}.Release|Any CPU.Build.0 = Release|Any CPU
	EndGlobalSection
	GlobalSection(SolutionProperties) = preSolution
		HideSolutionNode = FALSE
	EndGlobalSection
	GlobalSection(ExtensibilityGlobals) = postSolution
		SolutionGuid = {8A9331DB-A2B3-42F3-B530-305043B964A2}
	EndGlobalSection
EndGlobal
